
Microsoft Visual Studio Solution File, Format Version 12.00
# Visual Studio Version 16
VisualStudioVersion = 16.0.31729.503
MinimumVisualStudioVersion = 10.0.40219.1
Project("{FAE04EC0-301F-11D3-BF4B-00C04F79EFBC}") = "PresentForFriend", "PresentForFriend\PresentForFriend.csproj", "{51F6EBC5-AC50-4D7E-97CA-2ED9910D19FF}"
EndProject
Global
	GlobalSection(SolutionConfigurationPlatforms) = preSolution
		Debug|Any CPU = Debug|Any CPU
		Release|Any CPU = Release|Any CPU
	EndGlobalSection
	GlobalSection(ProjectConfigurationPlatforms) = postSolution
		{51F6EBC5-AC50-4D7E-97CA-2ED9910D19FF}.Debug|Any CPU.ActiveCfg = Debug|Any CPU
		{51F6EBC5-AC50-4D7E-97CA-2ED9910D19FF}.Debug|Any CPU.Build.0 = Debug|Any CPU
		{51F6EBC5-AC50-4D7E-97CA-2ED9910D19FF}.Release|Any CPU.ActiveCfg = Release|Any CPU
		{51F6EBC5-AC50-4D7E-97CA-2ED9910D19FF}.Release|Any CPU.Build.0 = Release|Any CPU
	EndGlobalSection
	GlobalSection(SolutionProperties) = preSolution
		HideSolutionNode = FALSE
	EndGlobalSection
	GlobalSection(ExtensibilityGlobals) = postSolution
		SolutionGuid = {E4D8CB91-54A4-4EF1-9353-C73A73A51FCF}
	EndGlobalSection
EndGlobal
